// !$*UTF8*$!
{
	archiveVersion = 1;
	classes = {
	};
	objectVersion = 56;
	objects = {

/* Begin PBXBuildFile section */
		BC0EFBC09C6A7A09445872DB /* Pods_ToDoApp.framework in Frameworks */ = {isa = PBXBuildFile; fileRef = 35105DBD3324BF928CF0A417 /* Pods_ToDoApp.framework */; };
		ED33F5352938CCF700FE9D7F /* AppDelegate.swift in Sources */ = {isa = PBXBuildFile; fileRef = ED33F5342938CCF700FE9D7F /* AppDelegate.swift */; };
		ED33F5372938CCF700FE9D7F /* SceneDelegate.swift in Sources */ = {isa = PBXBuildFile; fileRef = ED33F5362938CCF700FE9D7F /* SceneDelegate.swift */; };
		ED33F5392938CCF700FE9D7F /* ViewYourPlans.swift in Sources */ = {isa = PBXBuildFile; fileRef = ED33F5382938CCF700FE9D7F /* ViewYourPlans.swift */; };
		ED33F53C2938CCF700FE9D7F /* Main.storyboard in Resources */ = {isa = PBXBuildFile; fileRef = ED33F53A2938CCF700FE9D7F /* Main.storyboard */; };
		ED33F53E2938CCF900FE9D7F /* Assets.xcassets in Resources */ = {isa = PBXBuildFile; fileRef = ED33F53D2938CCF900FE9D7F /* Assets.xcassets */; };
		ED33F5412938CCF900FE9D7F /* LaunchScreen.storyboard in Resources */ = {isa = PBXBuildFile; fileRef = ED33F53F2938CCF900FE9D7F /* LaunchScreen.storyboard */; };
		ED33F5492938CD6000FE9D7F /* GoogleService-Info.plist in Resources */ = {isa = PBXBuildFile; fileRef = ED33F5482938CD6000FE9D7F /* GoogleService-Info.plist */; };
		ED33F54B2938D0D400FE9D7F /* StringModel.swift in Sources */ = {isa = PBXBuildFile; fileRef = ED33F54A2938D0D400FE9D7F /* StringModel.swift */; };
		ED33F54D2938D31C00FE9D7F /* AddPlanViewController.swift in Sources */ = {isa = PBXBuildFile; fileRef = ED33F54C2938D31C00FE9D7F /* AddPlanViewController.swift */; };
		ED33F54F2938EA4800FE9D7F /* DetailViewController.swift in Sources */ = {isa = PBXBuildFile; fileRef = ED33F54E2938EA4800FE9D7F /* DetailViewController.swift */; };
		ED33F5512938FABC00FE9D7F /* PlanModel.swift in Sources */ = {isa = PBXBuildFile; fileRef = ED33F5502938FABC00FE9D7F /* PlanModel.swift */; };
/* End PBXBuildFile section */

/* Begin PBXFileReference section */
		04829D477F773165DD1350DF /* Pods-ToDoApp.debug.xcconfig */ = {isa = PBXFileReference; includeInIndex = 1; lastKnownFileType = text.xcconfig; name = "Pods-ToDoApp.debug.xcconfig"; path = "Target Support Files/Pods-ToDoApp/Pods-ToDoApp.debug.xcconfig"; sourceTree = "<group>"; };
		207BC56727AE2B1F82FCBDF6 /* Pods-ToDoApp.release.xcconfig */ = {isa = PBXFileReference; includeInIndex = 1; lastKnownFileType = text.xcconfig; name = "Pods-ToDoApp.release.xcconfig"; path = "Target Support Files/Pods-ToDoApp/Pods-ToDoApp.release.xcconfig"; sourceTree = "<group>"; };
		35105DBD3324BF928CF0A417 /* Pods_ToDoApp.framework */ = {isa = PBXFileReference; explicitFileType = wrapper.framework; includeInIndex = 0; path = Pods_ToDoApp.framework; sourceTree = BUILT_PRODUCTS_DIR; };
		ED33F5312938CCF700FE9D7F /* ToDoApp.app */ = {isa = PBXFileReference; explicitFileType = wrapper.application; includeInIndex = 0; path = ToDoApp.app; sourceTree = BUILT_PRODUCTS_DIR; };
		ED33F5342938CCF700FE9D7F /* AppDelegate.swift */ = {isa = PBXFileReference; lastKnownFileType = sourcecode.swift; path = AppDelegate.swift; sourceTree = "<group>"; };
		ED33F5362938CCF700FE9D7F /* SceneDelegate.swift */ = {isa = PBXFileReference; lastKnownFileType = sourcecode.swift; path = SceneDelegate.swift; sourceTree = "<group>"; };
		ED33F5382938CCF700FE9D7F /* ViewYourPlans.swift */ = {isa = PBXFileReference; lastKnownFileType = sourcecode.swift; path = ViewYourPlans.swift; sourceTree = "<group>"; };
		ED33F53B2938CCF700FE9D7F /* Base */ = {isa = PBXFileReference; lastKnownFileType = file.storyboard; name = Base; path = Base.lproj/Main.storyboard; sourceTree = "<group>"; };
		ED33F53D2938CCF900FE9D7F /* Assets.xcassets */ = {isa = PBXFileReference; lastKnownFileType = folder.assetcatalog; path = Assets.xcassets; sourceTree = "<group>"; };
		ED33F5402938CCF900FE9D7F /* Base */ = {isa = PBXFileReference; lastKnownFileType = file.storyboard; name = Base; path = Base.lproj/LaunchScreen.storyboard; sourceTree = "<group>"; };
		ED33F5422938CCF900FE9D7F /* Info.plist */ = {isa = PBXFileReference; lastKnownFileType = text.plist.xml; path = Info.plist; sourceTree = "<group>"; };
		ED33F5482938CD6000FE9D7F /* GoogleService-Info.plist */ = {isa = PBXFileReference; fileEncoding = 4; lastKnownFileType = text.plist.xml; path = "GoogleService-Info.plist"; sourceTree = "<group>"; };
		ED33F54A2938D0D400FE9D7F /* StringModel.swift */ = {isa = PBXFileReference; lastKnownFileType = sourcecode.swift; path = StringModel.swift; sourceTree = "<group>"; };
		ED33F54C2938D31C00FE9D7F /* AddPlanViewController.swift */ = {isa = PBXFileReference; lastKnownFileType = sourcecode.swift; path = AddPlanViewController.swift; sourceTree = "<group>"; };
		ED33F54E2938EA4800FE9D7F /* DetailViewController.swift */ = {isa = PBXFileReference; lastKnownFileType = sourcecode.swift; path = DetailViewController.swift; sourceTree = "<group>"; };
		ED33F5502938FABC00FE9D7F /* PlanModel.swift */ = {isa = PBXFileReference; lastKnownFileType = sourcecode.swift; path = PlanModel.swift; sourceTree = "<group>"; };
/* End PBXFileReference section */

/* Begin PBXFrameworksBuildPhase section */
		ED33F52E2938CCF700FE9D7F /* Frameworks */ = {
			isa = PBXFrameworksBuildPhase;
			buildActionMask = 2147483647;
			files = (
				BC0EFBC09C6A7A09445872DB /* Pods_ToDoApp.framework in Frameworks */,
			);
			runOnlyForDeploymentPostprocessing = 0;
		};
/* End PBXFrameworksBuildPhase section */

/* Begin PBXGroup section */
		00F6ABB34D4E65218C6F6094 /* Frameworks */ = {
			isa = PBXGroup;
			children = (
				35105DBD3324BF928CF0A417 /* Pods_ToDoApp.framework */,
			);
			name = Frameworks;
			sourceTree = "<group>";
		};
		5F62491E93282097755C586B /* Pods */ = {
			isa = PBXGroup;
			children = (
				04829D477F773165DD1350DF /* Pods-ToDoApp.debug.xcconfig */,
				207BC56727AE2B1F82FCBDF6 /* Pods-ToDoApp.release.xcconfig */,
			);
			path = Pods;
			sourceTree = "<group>";
		};
		ED33F5282938CCF700FE9D7F = {
			isa = PBXGroup;
			children = (
				ED33F5332938CCF700FE9D7F /* ToDoApp */,
				ED33F5322938CCF700FE9D7F /* Products */,
				5F62491E93282097755C586B /* Pods */,
				00F6ABB34D4E65218C6F6094 /* Frameworks */,
			);
			sourceTree = "<group>";
		};
		ED33F5322938CCF700FE9D7F /* Products */ = {
			isa = PBXGroup;
			children = (
				ED33F5312938CCF700FE9D7F /* ToDoApp.app */,
			);
			name = Products;
			sourceTree = "<group>";
		};
		ED33F5332938CCF700FE9D7F /* ToDoApp */ = {
			isa = PBXGroup;
			children = (
				EDAF95B329393370000E306B /* Controller */,
				EDAF95B42939337D000E306B /* Models */,
				EDAF95B529393387000E306B /* View */,
				ED33F5422938CCF900FE9D7F /* Info.plist */,
				ED33F5482938CD6000FE9D7F /* GoogleService-Info.plist */,
			);
			path = ToDoApp;
			sourceTree = "<group>";
		};
		EDAF95B329393370000E306B /* Controller */ = {
			isa = PBXGroup;
			children = (
				ED33F5362938CCF700FE9D7F /* SceneDelegate.swift */,
				ED33F5342938CCF700FE9D7F /* AppDelegate.swift */,
				ED33F5382938CCF700FE9D7F /* ViewYourPlans.swift */,
				ED33F54C2938D31C00FE9D7F /* AddPlanViewController.swift */,
				ED33F54E2938EA4800FE9D7F /* DetailViewController.swift */,
			);
			path = Controller;
			sourceTree = "<group>";
		};
		EDAF95B42939337D000E306B /* Models */ = {
			isa = PBXGroup;
			children = (
				ED33F54A2938D0D400FE9D7F /* StringModel.swift */,
				ED33F5502938FABC00FE9D7F /* PlanModel.swift */,
			);
			path = Models;
			sourceTree = "<group>";
		};
		EDAF95B529393387000E306B /* View */ = {
			isa = PBXGroup;
			children = (
				ED33F53A2938CCF700FE9D7F /* Main.storyboard */,
				ED33F53D2938CCF900FE9D7F /* Assets.xcassets */,
				ED33F53F2938CCF900FE9D7F /* LaunchScreen.storyboard */,
			);
			path = View;
			sourceTree = "<group>";
		};
/* End PBXGroup section */

/* Begin PBXNativeTarget section */
		ED33F5302938CCF700FE9D7F /* ToDoApp */ = {
			isa = PBXNativeTarget;
			buildConfigurationList = ED33F5452938CCF900FE9D7F /* Build configuration list for PBXNativeTarget "ToDoApp" */;
			buildPhases = (
				F3579E603CA08DAD22F716D8 /* [CP] Check Pods Manifest.lock */,
				ED33F52D2938CCF700FE9D7F /* Sources */,
				ED33F52E2938CCF700FE9D7F /* Frameworks */,
				ED33F52F2938CCF700FE9D7F /* Resources */,
				3F38918E024F9EDADE7CFB3C /* [CP] Embed Pods Frameworks */,
			);
			buildRules = (
			);
			dependencies = (
			);
			name = ToDoApp;
			productName = ToDoApp;
			productReference = ED33F5312938CCF700FE9D7F /* ToDoApp.app */;
			productType = "com.apple.product-type.application";
		};
/* End PBXNativeTarget section */

/* Begin PBXProject section */
		ED33F5292938CCF700FE9D7F /* Project object */ = {
			isa = PBXProject;
			attributes = {
				BuildIndependentTargetsInParallel = 1;
				LastSwiftUpdateCheck = 1410;
				LastUpgradeCheck = 1410;
				TargetAttributes = {
					ED33F5302938CCF700FE9D7F = {
						CreatedOnToolsVersion = 14.1;
					};
				};
			};
			buildConfigurationList = ED33F52C2938CCF700FE9D7F /* Build configuration list for PBXProject "ToDoApp" */;
			compatibilityVersion = "Xcode 14.0";
			developmentRegion = en;
			hasScannedForEncodings = 0;
			knownRegions = (
				en,
				Base,
			);
			mainGroup = ED33F5282938CCF700FE9D7F;
			productRefGroup = ED33F5322938CCF700FE9D7F /* Products */;
			projectDirPath = "";
			projectRoot = "";
			targets = (
				ED33F5302938CCF700FE9D7F /* ToDoApp */,
			);
		};
/* End PBXProject section */

/* Begin PBXResourcesBuildPhase section */
		ED33F52F2938CCF700FE9D7F /* Resources */ = {
			isa = PBXResourcesBuildPhase;
			buildActionMask = 2147483647;
			files = (
				ED33F5412938CCF900FE9D7F /* LaunchScreen.storyboard in Resources */,
				ED33F5492938CD6000FE9D7F /* GoogleService-Info.plist in Resources */,
				ED33F53E2938CCF900FE9D7F /* Assets.xcassets in Resources */,
				ED33F53C2938CCF700FE9D7F /* Main.storyboard in Resources */,
			);
			runOnlyForDeploymentPostprocessing = 0;
		};
/* End PBXResourcesBuildPhase section */

/* Begin PBXShellScriptBuildPhase section */
		3F38918E024F9EDADE7CFB3C /* [CP] Embed Pods Frameworks */ = {
			isa = PBXShellScriptBuildPhase;
			buildActionMask = 2147483647;
			files = (
			);
			inputFileListPaths = (
				"${PODS_ROOT}/Target Support Files/Pods-ToDoApp/Pods-ToDoApp-frameworks-${CONFIGURATION}-input-files.xcfilelist",
			);
			name = "[CP] Embed Pods Frameworks";
			outputFileListPaths = (
				"${PODS_ROOT}/Target Support Files/Pods-ToDoApp/Pods-ToDoApp-frameworks-${CONFIGURATION}-output-files.xcfilelist",
			);
			runOnlyForDeploymentPostprocessing = 0;
			shellPath = /bin/sh;
			shellScript = "\"${PODS_ROOT}/Target Support Files/Pods-ToDoApp/Pods-ToDoApp-frameworks.sh\"\n";
			showEnvVarsInLog = 0;
		};
		F3579E603CA08DAD22F716D8 /* [CP] Check Pods Manifest.lock */ = {
			isa = PBXShellScriptBuildPhase;
			buildActionMask = 2147483647;
			files = (
			);
			inputFileListPaths = (
			);
			inputPaths = (
				"${PODS_PODFILE_DIR_PATH}/Podfile.lock",
				"${PODS_ROOT}/Manifest.lock",
			);
			name = "[CP] Check Pods Manifest.lock";
			outputFileListPaths = (
			);
			outputPaths = (
				"$(DERIVED_FILE_DIR)/Pods-ToDoApp-checkManifestLockResult.txt",
			);
			runOnlyForDeploymentPostprocessing = 0;
			shellPath = /bin/sh;
			shellScript = "diff \"${PODS_PODFILE_DIR_PATH}/Podfile.lock\" \"${PODS_ROOT}/Manifest.lock\" > /dev/null\nif [ $? != 0 ] ; then\n    # print error to STDERR\n    echo \"error: The sandbox is not in sync with the Podfile.lock. Run 'pod install' or update your CocoaPods installation.\" >&2\n    exit 1\nfi\n# This output is used by Xcode 'outputs' to avoid re-running this script phase.\necho \"SUCCESS\" > \"${SCRIPT_OUTPUT_FILE_0}\"\n";
			showEnvVarsInLog = 0;
		};
/* End PBXShellScriptBuildPhase section */

/* Begin PBXSourcesBuildPhase section */
		ED33F52D2938CCF700FE9D7F /* Sources */ = {
			isa = PBXSourcesBuildPhase;
			buildActionMask = 2147483647;
			files = (
				ED33F54B2938D0D400FE9D7F /* StringModel.swift in Sources */,
				ED33F5392938CCF700FE9D7F /* ViewYourPlans.swift in Sources */,
				ED33F5352938CCF700FE9D7F /* AppDelegate.swift in Sources */,
				ED33F54F2938EA4800FE9D7F /* DetailViewController.swift in Sources */,
				ED33F54D2938D31C00FE9D7F /* AddPlanViewController.swift in Sources */,
				ED33F5512938FABC00FE9D7F /* PlanModel.swift in Sources */,
				ED33F5372938CCF700FE9D7F /* SceneDelegate.swift in Sources */,
			);
			runOnlyForDeploymentPostprocessing = 0;
		};
/* End PBXSourcesBuildPhase section */

/* Begin PBXVariantGroup section */
		ED33F53A2938CCF700FE9D7F /* Main.storyboard */ = {
			isa = PBXVariantGroup;
			children = (
				ED33F53B2938CCF700FE9D7F /* Base */,
			);
			name = Main.storyboard;
			sourceTree = "<group>";
		};
		ED33F53F2938CCF900FE9D7F /* LaunchScreen.storyboard */ = {
			isa = PBXVariantGroup;
			children = (
				ED33F5402938CCF900FE9D7F /* Base */,
			);
			name = LaunchScreen.storyboard;
			sourceTree = "<group>";
		};
/* End PBXVariantGroup section */

/* Begin XCBuildConfiguration section */
		ED33F5432938CCF900FE9D7F /* Debug */ = {
			isa = XCBuildConfiguration;
			buildSettings = {
				ALWAYS_SEARCH_USER_PATHS = NO;
				CLANG_ANALYZER_NONNULL = YES;
				CLANG_ANALYZER_NUMBER_OBJECT_CONVERSION = YES_AGGRESSIVE;
				CLANG_CXX_LANGUAGE_STANDARD = "gnu++20";
				CLANG_ENABLE_MODULES = YES;
				CLANG_ENABLE_OBJC_ARC = YES;
				CLANG_ENABLE_OBJC_WEAK = YES;
				CLANG_WARN_BLOCK_CAPTURE_AUTORELEASING = YES;
				CLANG_WARN_BOOL_CONVERSION = YES;
				CLANG_WARN_COMMA = YES;
				CLANG_WARN_CONSTANT_CONVERSION = YES;
				CLANG_WARN_DEPRECATED_OBJC_IMPLEMENTATIONS = YES;
				CLANG_WARN_DIRECT_OBJC_ISA_USAGE = YES_ERROR;
				CLANG_WARN_DOCUMENTATION_COMMENTS = YES;
				CLANG_WARN_EMPTY_BODY = YES;
				CLANG_WARN_ENUM_CONVERSION = YES;
				CLANG_WARN_INFINITE_RECURSION = YES;
				CLANG_WARN_INT_CONVERSION = YES;
				CLANG_WARN_NON_LITERAL_NULL_CONVERSION = YES;
				CLANG_WARN_OBJC_IMPLICIT_RETAIN_SELF = YES;
				CLANG_WARN_OBJC_LITERAL_CONVERSION = YES;
				CLANG_WARN_OBJC_ROOT_CLASS = YES_ERROR;
				CLANG_WARN_QUOTED_INCLUDE_IN_FRAMEWORK_HEADER = YES;
				CLANG_WARN_RANGE_LOOP_ANALYSIS = YES;
				CLANG_WARN_STRICT_PROTOTYPES = YES;
				CLANG_WARN_SUSPICIOUS_MOVE = YES;
				CLANG_WARN_UNGUARDED_AVAILABILITY = YES_AGGRESSIVE;
				CLANG_WARN_UNREACHABLE_CODE = YES;
				CLANG_WARN__DUPLICATE_METHOD_MATCH = YES;
				COPY_PHASE_STRIP = NO;
				DEBUG_INFORMATION_FORMAT = dwarf;
				ENABLE_STRICT_OBJC_MSGSEND = YES;
				ENABLE_TESTABILITY = YES;
				GCC_C_LANGUAGE_STANDARD = gnu11;
				GCC_DYNAMIC_NO_PIC = NO;
				GCC_NO_COMMON_BLOCKS = YES;
				GCC_OPTIMIZATION_LEVEL = 0;
				GCC_PREPROCESSOR_DEFINITIONS = (
					"DEBUG=1",
					"$(inherited)",
				);
				GCC_WARN_64_TO_32_BIT_CONVERSION = YES;
				GCC_WARN_ABOUT_RETURN_TYPE = YES_ERROR;
				GCC_WARN_UNDECLARED_SELECTOR = YES;
				GCC_WARN_UNINITIALIZED_AUTOS = YES_AGGRESSIVE;
				GCC_WARN_UNUSED_FUNCTION = YES;
				GCC_WARN_UNUSED_VARIABLE = YES;
				IPHONEOS_DEPLOYMENT_TARGET = 16.1;
				MTL_ENABLE_DEBUG_INFO = INCLUDE_SOURCE;
				MTL_FAST_MATH = YES;
				ONLY_ACTIVE_ARCH = YES;
				SDKROOT = iphoneos;
				SWIFT_ACTIVE_COMPILATION_CONDITIONS = DEBUG;
				SWIFT_OPTIMIZATION_LEVEL = "-Onone";
			};
			name = Debug;
		};
		ED33F5442938CCF900FE9D7F /* Release */ = {
			isa = XCBuildConfiguration;
			buildSettings = {
				ALWAYS_SEARCH_USER_PATHS = NO;
				CLANG_ANALYZER_NONNULL = YES;
				CLANG_ANALYZER_NUMBER_OBJECT_CONVERSION = YES_AGGRESSIVE;
				CLANG_CXX_LANGUAGE_STANDARD = "gnu++20";
				CLANG_ENABLE_MODULES = YES;
				CLANG_ENABLE_OBJC_ARC = YES;
				CLANG_ENABLE_OBJC_WEAK = YES;
				CLANG_WARN_BLOCK_CAPTURE_AUTORELEASING = YES;
				CLANG_WARN_BOOL_CONVERSION = YES;
				CLANG_WARN_COMMA = YES;
				CLANG_WARN_CONSTANT_CONVERSION = YES;
				CLANG_WARN_DEPRECATED_OBJC_IMPLEMENTATIONS = YES;
				CLANG_WARN_DIRECT_OBJC_ISA_USAGE = YES_ERROR;
				CLANG_WARN_DOCUMENTATION_COMMENTS = YES;
				CLANG_WARN_EMPTY_BODY = YES;
				CLANG_WARN_ENUM_CONVERSION = YES;
				CLANG_WARN_INFINITE_RECURSION = YES;
				CLANG_WARN_INT_CONVERSION = YES;
				CLANG_WARN_NON_LITERAL_NULL_CONVERSION = YES;
				CLANG_WARN_OBJC_IMPLICIT_RETAIN_SELF = YES;
				CLANG_WARN_OBJC_LITERAL_CONVERSION = YES;
				CLANG_WARN_OBJC_ROOT_CLASS = YES_ERROR;
				CLANG_WARN_QUOTED_INCLUDE_IN_FRAMEWORK_HEADER = YES;
				CLANG_WARN_RANGE_LOOP_ANALYSIS = YES;
				CLANG_WARN_STRICT_PROTOTYPES = YES;
				CLANG_WARN_SUSPICIOUS_MOVE = YES;
				CLANG_WARN_UNGUARDED_AVAILABILITY = YES_AGGRESSIVE;
				CLANG_WARN_UNREACHABLE_CODE = YES;
				CLANG_WARN__DUPLICATE_METHOD_MATCH = YES;
				COPY_PHASE_STRIP = NO;
				DEBUG_INFORMATION_FORMAT = "dwarf-with-dsym";
				ENABLE_NS_ASSERTIONS = NO;
				ENABLE_STRICT_OBJC_MSGSEND = YES;
				GCC_C_LANGUAGE_STANDARD = gnu11;
				GCC_NO_COMMON_BLOCKS = YES;
				GCC_WARN_64_TO_32_BIT_CONVERSION = YES;
				GCC_WARN_ABOUT_RETURN_TYPE = YES_ERROR;
				GCC_WARN_UNDECLARED_SELECTOR = YES;
				GCC_WARN_UNINITIALIZED_AUTOS = YES_AGGRESSIVE;
				GCC_WARN_UNUSED_FUNCTION = YES;
				GCC_WARN_UNUSED_VARIABLE = YES;
				IPHONEOS_DEPLOYMENT_TARGET = 16.1;
				MTL_ENABLE_DEBUG_INFO = NO;
				MTL_FAST_MATH = YES;
				SDKROOT = iphoneos;
				SWIFT_COMPILATION_MODE = wholemodule;
				SWIFT_OPTIMIZATION_LEVEL = "-O";
				VALIDATE_PRODUCT = YES;
			};
			name = Release;
		};
		ED33F5462938CCF900FE9D7F /* Debug */ = {
			isa = XCBuildConfiguration;
			baseConfigurationReference = 04829D477F773165DD1350DF /* Pods-ToDoApp.debug.xcconfig */;
			buildSettings = {
				ASSETCATALOG_COMPILER_APPICON_NAME = AppIcon;
				ASSETCATALOG_COMPILER_GLOBAL_ACCENT_COLOR_NAME = AccentColor;
				CODE_SIGN_STYLE = Automatic;
				CURRENT_PROJECT_VERSION = 1;
				DEVELOPMENT_TEAM = 34R52V7T3Z;
				GENERATE_INFOPLIST_FILE = YES;
				INFOPLIST_FILE = ToDoApp/Info.plist;
				INFOPLIST_KEY_UIApplicationSupportsIndirectInputEvents = YES;
				INFOPLIST_KEY_UILaunchStoryboardName = LaunchScreen;
				INFOPLIST_KEY_UIMainStoryboardFile = Main;
				INFOPLIST_KEY_UISupportedInterfaceOrientations_iPad = "UIInterfaceOrientationPortrait UIInterfaceOrientationPortraitUpsideDown UIInterfaceOrientationLandscapeLeft UIInterfaceOrientationLandscapeRight";
				INFOPLIST_KEY_UISupportedInterfaceOrientations_iPhone = "UIInterfaceOrientationPortrait UIInterfaceOrientationLandscapeLeft UIInterfaceOrientationLandscapeRight";
				LD_RUNPATH_SEARCH_PATHS = (
					"$(inherited)",
					"@executable_path/Frameworks",
				);
				MARKETING_VERSION = 1.0;
				PRODUCT_BUNDLE_IDENTIFIER = com.mahmutsenbek.ToDoApp;
				PRODUCT_NAME = "$(TARGET_NAME)";
				SWIFT_EMIT_LOC_STRINGS = YES;
				SWIFT_VERSION = 5.0;
				TARGETED_DEVICE_FAMILY = "1,2";
			};
			name = Debug;
		};
		ED33F5472938CCF900FE9D7F /* Release */ = {
			isa = XCBuildConfiguration;
			baseConfigurationReference = 207BC56727AE2B1F82FCBDF6 /* Pods-ToDoApp.release.xcconfig */;
			buildSettings = {
				ASSETCATALOG_COMPILER_APPICON_NAME = AppIcon;
				ASSETCATALOG_COMPILER_GLOBAL_ACCENT_COLOR_NAME = AccentColor;
				CODE_SIGN_STYLE = Automatic;
				CURRENT_PROJECT_VERSION = 1;
				DEVELOPMENT_TEAM = 34R52V7T3Z;
				GENERATE_INFOPLIST_FILE = YES;
				INFOPLIST_FILE = ToDoApp/Info.plist;
				INFOPLIST_KEY_UIApplicationSupportsIndirectInputEvents = YES;
				INFOPLIST_KEY_UILaunchStoryboardName = LaunchScreen;
				INFOPLIST_KEY_UIMainStoryboardFile = Main;
				INFOPLIST_KEY_UISupportedInterfaceOrientations_iPad = "UIInterfaceOrientationPortrait UIInterfaceOrientationPortraitUpsideDown UIInterfaceOrientationLandscapeLeft UIInterfaceOrientationLandscapeRight";
				INFOPLIST_KEY_UISupportedInterfaceOrientations_iPhone = "UIInterfaceOrientationPortrait UIInterfaceOrientationLandscapeLeft UIInterfaceOrientationLandscapeRight";
				LD_RUNPATH_SEARCH_PATHS = (
					"$(inherited)",
					"@executable_path/Frameworks",
				);
				MARKETING_VERSION = 1.0;
				PRODUCT_BUNDLE_IDENTIFIER = com.mahmutsenbek.ToDoApp;
				PRODUCT_NAME = "$(TARGET_NAME)";
				SWIFT_EMIT_LOC_STRINGS = YES;
				SWIFT_VERSION = 5.0;
				TARGETED_DEVICE_FAMILY = "1,2";
			};
			name = Release;
		};
/* End XCBuildConfiguration section */

/* Begin XCConfigurationList section */
		ED33F52C2938CCF700FE9D7F /* Build configuration list for PBXProject "ToDoApp" */ = {
			isa = XCConfigurationList;
			buildConfigurations = (
				ED33F5432938CCF900FE9D7F /* Debug */,
				ED33F5442938CCF900FE9D7F /* Release */,
			);
			defaultConfigurationIsVisible = 0;
			defaultConfigurationName = Release;
		};
		ED33F5452938CCF900FE9D7F /* Build configuration list for PBXNativeTarget "ToDoApp" */ = {
			isa = XCConfigurationList;
			buildConfigurations = (
				ED33F5462938CCF900FE9D7F /* Debug */,
				ED33F5472938CCF900FE9D7F /* Release */,
			);
			defaultConfigurationIsVisible = 0;
			defaultConfigurationName = Release;
		};
/* End XCConfigurationList section */
	};
	rootObject = ED33F5292938CCF700FE9D7F /* Project object */;
}
